
Microsoft Visual Studio Solution File, Format Version 12.00
# Visual Studio Version 17
VisualStudioVersion = 17.11.35303.130
MinimumVisualStudioVersion = 10.0.40219.1
Project("{FAE04EC0-301F-11D3-BF4B-00C04F79EFBC}") = "Blazor", "Blazor\Blazor.csproj", "{F56A5202-B26B-4151-8D02-512500E3D6A0}"
EndProject
Global
	GlobalSection(SolutionConfigurationPlatforms) = preSolution
		Debug|Any CPU = Debug|Any CPU
		Release|Any CPU = Release|Any CPU
	EndGlobalSection
	GlobalSection(ProjectConfigurationPlatforms) = postSolution
		{F56A5202-B26B-4151-8D02-512500E3D6A0}.Debug|Any CPU.ActiveCfg = Debug|Any CPU
		{F56A5202-B26B-4151-8D02-512500E3D6A0}.Debug|Any CPU.Build.0 = Debug|Any CPU
		{F56A5202-B26B-4151-8D02-512500E3D6A0}.Release|Any CPU.ActiveCfg = Release|Any CPU
		{F56A5202-B26B-4151-8D02-512500E3D6A0}.Release|Any CPU.Build.0 = Release|Any CPU
	EndGlobalSection
	GlobalSection(SolutionProperties) = preSolution
		HideSolutionNode = FALSE
	EndGlobalSection
	GlobalSection(ExtensibilityGlobals) = postSolution
		SolutionGuid = {D1969B8D-23EF-48FE-87BD-47ECF09B8355}
	EndGlobalSection
EndGlobal
